
Microsoft Visual Studio Solution File, Format Version 12.00
# Visual Studio Version 16
VisualStudioVersion = 16.0.30011.22
MinimumVisualStudioVersion = 10.0.40219.1
Project("{FAE04EC0-301F-11D3-BF4B-00C04F79EFBC}") = "examen jcgubbins", "examen jcgubbins\examen jcgubbins.csproj", "{A9290F0B-0FBD-4EFD-9A3C-2798D998A35A}"
EndProject
Global
	GlobalSection(SolutionConfigurationPlatforms) = preSolution
		Debug|Any CPU = Debug|Any CPU
		Release|Any CPU = Release|Any CPU
	EndGlobalSection
	GlobalSection(ProjectConfigurationPlatforms) = postSolution
		{A9290F0B-0FBD-4EFD-9A3C-2798D998A35A}.Debug|Any CPU.ActiveCfg = Debug|Any CPU
		{A9290F0B-0FBD-4EFD-9A3C-2798D998A35A}.Debug|Any CPU.Build.0 = Debug|Any CPU
		{A9290F0B-0FBD-4EFD-9A3C-2798D998A35A}.Release|Any CPU.ActiveCfg = Release|Any CPU
		{A9290F0B-0FBD-4EFD-9A3C-2798D998A35A}.Release|Any CPU.Build.0 = Release|Any CPU
	EndGlobalSection
	GlobalSection(SolutionProperties) = preSolution
		HideSolutionNode = FALSE
	EndGlobalSection
	GlobalSection(ExtensibilityGlobals) = postSolution
		SolutionGuid = {1C836702-F1B0-4CAD-BCDC-FD08968A3D47}
	EndGlobalSection
EndGlobal
